
Microsoft Visual Studio Solution File, Format Version 12.00
# Visual Studio Version 17
VisualStudioVersion = 17.10.35013.160
MinimumVisualStudioVersion = 10.0.40219.1
Project("{FAE04EC0-301F-11D3-BF4B-00C04F79EFBC}") = "Systemformsv2", "Systemformsv2\Systemformsv2.csproj", "{00147492-9711-452B-936A-0D3E8DECD127}"
EndProject
Global
	GlobalSection(SolutionConfigurationPlatforms) = preSolution
		Debug|Any CPU = Debug|Any CPU
		Release|Any CPU = Release|Any CPU
	EndGlobalSection
	GlobalSection(ProjectConfigurationPlatforms) = postSolution
		{00147492-9711-452B-936A-0D3E8DECD127}.Debug|Any CPU.ActiveCfg = Debug|Any CPU
		{00147492-9711-452B-936A-0D3E8DECD127}.Debug|Any CPU.Build.0 = Debug|Any CPU
		{00147492-9711-452B-936A-0D3E8DECD127}.Release|Any CPU.ActiveCfg = Release|Any CPU
		{00147492-9711-452B-936A-0D3E8DECD127}.Release|Any CPU.Build.0 = Release|Any CPU
	EndGlobalSection
	GlobalSection(SolutionProperties) = preSolution
		HideSolutionNode = FALSE
	EndGlobalSection
	GlobalSection(ExtensibilityGlobals) = postSolution
		SolutionGuid = {6FB5D725-CD13-4815-AB30-DFDB40D82092}
	EndGlobalSection
EndGlobal
